
Microsoft Visual Studio Solution File, Format Version 12.00
# Visual Studio 2012
Project("{FAE04EC0-301F-11D3-BF4B-00C04F79EFBC}") = "SimpleECS", "SimpleECS\SimpleECS.csproj", "{0FCC5874-075E-4F9D-AEAA-41A9489EDDAA}"
EndProject
Project("{FAE04EC0-301F-11D3-BF4B-00C04F79EFBC}") = "SimpleECSTests", "SimpleECSTests\SimpleECSTests.csproj", "{82FA8384-2BB7-4BB3-954B-3C68DEBA6FDD}"
EndProject
Global
	GlobalSection(SolutionConfigurationPlatforms) = preSolution
		Debug|Any CPU = Debug|Any CPU
		Release|Any CPU = Release|Any CPU
	EndGlobalSection
	GlobalSection(ProjectConfigurationPlatforms) = postSolution
		{0FCC5874-075E-4F9D-AEAA-41A9489EDDAA}.Debug|Any CPU.ActiveCfg = Debug|Any CPU
		{0FCC5874-075E-4F9D-AEAA-41A9489EDDAA}.Debug|Any CPU.Build.0 = Debug|Any CPU
		{0FCC5874-075E-4F9D-AEAA-41A9489EDDAA}.Release|Any CPU.ActiveCfg = Release|Any CPU
		{0FCC5874-075E-4F9D-AEAA-41A9489EDDAA}.Release|Any CPU.Build.0 = Release|Any CPU
		{82FA8384-2BB7-4BB3-954B-3C68DEBA6FDD}.Debug|Any CPU.ActiveCfg = Debug|Any CPU
		{82FA8384-2BB7-4BB3-954B-3C68DEBA6FDD}.Release|Any CPU.ActiveCfg = Release|Any CPU
	EndGlobalSection
EndGlobal
